github.com/aws/aws-sdk-go-v2 v1.7.0 h1:UYGnoIPIzed+ycmgw8Snb/0HK+KlMD+SndLTneG8ncE=
github.com/aws/aws-sdk-go-v2 v1.7.0/go.mod h1:tb9wi5s61kTDA5qCkcDbt3KRVV74GGslQkl/DRdX/P4=
github.com/aws/aws-sdk-go-v2/config v1.4.1 h1:PcGp9Kf+1dHJmP3EIDZJmAmWfGABFTU0obuvYQNzWH8=
github.com/aws/aws-sdk-go-v2/config v1.4.1/go.mod h1:HCDWZ/oeY59TPtXslxlbkCqLQBsVu6b09kiG43tdP+I=
github.com/aws/aws-sdk-go-v2/credentials v1.3.0 h1:vXxTINCsHn6LKhR043jwSLd6CsL7KOEU7b1woMr1K1A=
github.com/aws/aws-sdk-go-v2/credentials v1.3.0/go.mod h1:tOcv+qDZ0O+6Jk2beMl5JnZX6N0H7O8fw9UsD3bP7GI=
github.com/aws/aws-sdk-go-v2/feature/ec2/imds v1.2.0 h1:ucExzYCoAiL9GpKOsKkQLsa43wTT23tcdP4cDTSbZqY=
github.com/aws/aws-sdk-go-v2/feature/ec2/imds v1.2.0/go.mod h1:XvzoGzuS0kKPzCQtJCC22Xh/mMgVAzfGo/0V+mk/Cu0=
github.com/aws/aws-sdk-go-v2/feature/s3/manager v1.3.1 h1:ag1MjvYmE8hnvl2/3LYOog9GZxcguqR6z1ewCUJQ9rE=
github.com/aws/aws-sdk-go-v2/feature/s3/manager v1.3.1/go.mod h1:WXrj1wxGcYFfQ6H4xqsbVziISWQT55SlpX8B5+EqLOw=
github.com/aws/aws-sdk-go-v2/internal/ini v1.1.0 h1:DJq/vXXF+LAFaa/kQX9C6arlf4xX4uaaqGWIyAKOCpM=
github.com/aws/aws-sdk-go-v2/internal/ini v1.1.0/go.mod h1:qGQ/9IfkZonRNSNLE99/yBJ7EPA/h8jlWEqtJCcaj+Q=
github.com/aws/aws-sdk-go-v2/service/internal/accept-encoding v1.2.0 h1:wfI4yrOCMAGdHaEreQ65ycSmPLVc2Q82O+r7ZxYTynA=
github.com/aws/aws-sdk-go-v2/service/internal/accept-encoding v1.2.0/go.mod h1:2Kc2Pybp1Hr2ZCCOz78mWnNSZYEKKBQgNcizVGk9sko=
github.com/aws/aws-sdk-go-v2/service/internal/presigned-url v1.2.0 h1:g2npzssI/6XsoQaPYCxliMFeC5iNKKvO0aC+/wWOE0A=
github.com/aws/aws-sdk-go-v2/service/internal/presigned-url v1.2.0/go.mod h1:a7XLWNKuVgOxjssEF019IiHPv35k8KHBaWv/wJAfi2A=
github.com/aws/aws-sdk-go-v2/service/internal/s3shared v1.5.0 h1:6KmDU3XCGTcZlWPtP/gh7wYErrovnIxjX7um8iiuVsU=
github.com/aws/aws-sdk-go-v2/service/internal/s3shared v1.5.0/go.mod h1:541bxEA+Z8quwit9ZT7uxv/l9xRz85/HS41l9OxOQdY=
github.com/aws/aws-sdk-go-v2/service/s3 v1.11.0 h1:FuKlyrDBZBk0RFxjqFPtx9y/KDsxTa3MoFVUgIW9w3Q=
github.com/aws/aws-sdk-go-v2/service/s3 v1.11.0/go.mod h1:zJe8mEFDS2F04nO0pKVBPfArAv2ycC6wt3ILvrV4SQw=
github.com/aws/aws-sdk-go-v2/service/sso v1.3.0 h1:DMi9w+TpUam7eJ8ksL7svfzpqpqem2MkDAJKW8+I2/k=
github.com/aws/aws-sdk-go-v2/service/sso v1.3.0/go.mod h1:qWR+TUuvfji9udM79e4CPe87C5+SjMEb2TFXkZaI0Vc=
github.com/aws/aws-sdk-go-v2/service/sts v1.5.0 h1:Y1K9dHE2CYOWOvaJSIITq4mJfLX43iziThTvqs5FqOg=
github.com/aws/aws-sdk-go-v2/service/sts v1.5.0/go.mod h1:HjDKUmissf6Mlut+WzG2r35r6LeTKmLEDJ6p9NryzLg=
github.com/aws/smithy-go v1.5.0 h1:2grDq7LxZlo8BZUDeqRfQnQWLZpInmh2TLPPkJku3YM=
github.com/aws/smithy-go v1.5.0/go.mod h1:SObp3lf9smib00L/v3U2eAKG8FyQ7iLrJnQiAmR5n+E=
github.com/caarlos0/env/v6 v6.6.2 h1:BypLXDWQTA32rS4UM7pBz+/0BOuvs6C7LSeQAxMwyvI=
github.com/caarlos0/env/v6 v6.6.2/go.mod h1:P0BVSgU9zfkxfSpFUs6KsO3uWR4k3Ac0P66ibAGTybM=
github.com/davecgh/go-spew v1.1.0/go.mod h1:J7Y8YcW2NihsgmVo/mv3lAwl/skON4iLHjSsI+c5H38=
github.com/google/go-cmp v0.5.4/go.mod h1:v8dTdLbMG2kIc/vJvl+f65V22dbkXbowE6jgT/gNBxE=
github.com/google/uuid v1.2.0 h1:qJYtXnJRWmpe7m/3XlyhrsLrEURqHRM2kxzoxXqyUDs=
github.com/google/uuid v1.2.0/go.mod h1:TIyPZe4MgqvfeYDBFedMoGGpEw/LqOeaOT+nhxU+yHo=
github.com/jmespath/go-jmespath v0.4.0 h1:BEgLn5cpjn8UN1mAw4NjwDrS35OdebyEtFe+9YPoQUg=
github.com/jmespath/go-jmespath v0.4.0/go.mod h1:T8mJZnbsbmF+m6zOOFylbeCJqk5+pHWvzYPziyZiYoo=
github.com/jmespath/go-jmespath/internal/testify v1.5.1/go.mod h1:L3OGu8Wl2/fWfCI6z80xFu9LTZmf1ZRjMHUOPmWr69U=
github.com/matryer/is v1.4.0/go.mod h1:8I/i5uYgLzgsgEloJE1U6xx5HkBQpAZvepWuujKwMRU=
github.com/pmezard/go-difflib v1.0.0/go.mod h1:iKH77koFhYxTK1pcRnkKkqfTogsbg7gZNVY4sRDYZ/4=
github.com/stretchr/objx v0.1.0/go.mod h1:HFkY916IF+rwdDfMAkV7OtwuqBVzrE8GR6GFx+wExME=
golang.org/x/xerrors v0.0.0-20191204190536-9bdfabe68543/go.mod h1:I/5z698sn9Ka8TeJc9MKroUUfqBBauWjQqLJ2OPfmY0=
gopkg.in/check.v1 v0.0.0-20161208181325-20d25e280405/go.mod h1:Co6ibVJAznAaIkqp8huTwlJQCZ016jof/cbN4VW5Yz0=
gopkg.in/yaml.v2 v2.2.8/go.mod h1:hI93XBmqTisBFMUTm0b8Fm+jr3Dg1NNxqwp+5A1VGuI=
